// !$*UTF8*$!
{
	archiveVersion = 1;
	classes = {
	};
	objectVersion = 50;
	objects = {

/* Begin PBXBuildFile section */
		1FA1246522D7725E00210180 /* UIViewController+KMNavigationBarTransition.m in Sources */ = {isa = PBXBuildFile; fileRef = 1FA1245322D7725E00210180 /* UIViewController+KMNavigationBarTransition.m */; };
		1FA1246622D7725E00210180 /* UIScrollView+KMNavigationBarTransition.m in Sources */ = {isa = PBXBuildFile; fileRef = 1FA1245522D7725E00210180 /* UIScrollView+KMNavigationBarTransition.m */; };
		1FA1246722D7725E00210180 /* KMWeakObjectContainer.m in Sources */ = {isa = PBXBuildFile; fileRef = 1FA1245A22D7725E00210180 /* KMWeakObjectContainer.m */; };
		1FA1246822D7725E00210180 /* UINavigationBar+KMNavigationBarTransition.m in Sources */ = {isa = PBXBuildFile; fileRef = 1FA1245B22D7725E00210180 /* UINavigationBar+KMNavigationBarTransition.m */; };
		1FA1246922D7725E00210180 /* UINavigationController+KMNavigationBarTransition.m in Sources */ = {isa = PBXBuildFile; fileRef = 1FA1245F22D7725E00210180 /* UINavigationController+KMNavigationBarTransition.m */; };
		1FA1246A22D7725E00210180 /* KMSwizzle.m in Sources */ = {isa = PBXBuildFile; fileRef = 1FA1246022D7725E00210180 /* KMSwizzle.m */; };
		1FA1246B22D7725E00210180 /* NSObject+KMNavigationBarTransition.m in Sources */ = {isa = PBXBuildFile; fileRef = 1FA1246222D7725E00210180 /* NSObject+KMNavigationBarTransition.m */; };
		1FA56B9422D6186800E9A06E /* HomePageDetailViewController.swift in Sources */ = {isa = PBXBuildFile; fileRef = 1FA56B9322D6186800E9A06E /* HomePageDetailViewController.swift */; };
		1FA56B9622D6188100E9A06E /* BaseViewController.swift in Sources */ = {isa = PBXBuildFile; fileRef = 1FA56B9522D6188100E9A06E /* BaseViewController.swift */; };
		1FA56B9F22D61A1D00E9A06E /* UIColor+Extension.swift in Sources */ = {isa = PBXBuildFile; fileRef = 1FA56B9722D61A1C00E9A06E /* UIColor+Extension.swift */; };
		1FA56BA022D61A1D00E9A06E /* UIImageView+Extension.swift in Sources */ = {isa = PBXBuildFile; fileRef = 1FA56B9822D61A1C00E9A06E /* UIImageView+Extension.swift */; };
		1FA56BA122D61A1D00E9A06E /* UITableView+Nib.swift in Sources */ = {isa = PBXBuildFile; fileRef = 1FA56B9922D61A1C00E9A06E /* UITableView+Nib.swift */; };
		1FA56BA222D61A1D00E9A06E /* UIView+Frame.swift in Sources */ = {isa = PBXBuildFile; fileRef = 1FA56B9A22D61A1C00E9A06E /* UIView+Frame.swift */; };
		1FA56BA322D61A1D00E9A06E /* UIView+Extension.swift in Sources */ = {isa = PBXBuildFile; fileRef = 1FA56B9B22D61A1C00E9A06E /* UIView+Extension.swift */; };
		1FA56BA422D61A1D00E9A06E /* UIImage+Extensions.swift in Sources */ = {isa = PBXBuildFile; fileRef = 1FA56B9C22D61A1C00E9A06E /* UIImage+Extensions.swift */; };
		1FA56BA522D61A1D00E9A06E /* UILabel+Extensions.swift in Sources */ = {isa = PBXBuildFile; fileRef = 1FA56B9D22D61A1D00E9A06E /* UILabel+Extensions.swift */; };
		1FA56BA622D61A1D00E9A06E /* UITextField+Extension.swift in Sources */ = {isa = PBXBuildFile; fileRef = 1FA56B9E22D61A1D00E9A06E /* UITextField+Extension.swift */; };
		1FA56BA822D61C2F00E9A06E /* BaseNavigationController.swift in Sources */ = {isa = PBXBuildFile; fileRef = 1FA56BA722D61C2F00E9A06E /* BaseNavigationController.swift */; };
		1FE9E53022D5CD6600C9FB23 /* AppDelegate.swift in Sources */ = {isa = PBXBuildFile; fileRef = 1FE9E52F22D5CD6600C9FB23 /* AppDelegate.swift */; };
		1FE9E53522D5CD6600C9FB23 /* Main.storyboard in Resources */ = {isa = PBXBuildFile; fileRef = 1FE9E53322D5CD6600C9FB23 /* Main.storyboard */; };
		1FE9E53722D5CD6700C9FB23 /* Assets.xcassets in Resources */ = {isa = PBXBuildFile; fileRef = 1FE9E53622D5CD6700C9FB23 /* Assets.xcassets */; };
		1FE9E53A22D5CD6700C9FB23 /* LaunchScreen.storyboard in Resources */ = {isa = PBXBuildFile; fileRef = 1FE9E53822D5CD6700C9FB23 /* LaunchScreen.storyboard */; };
		1FE9E54422D5E57700C9FB23 /* ViewController.swift in Sources */ = {isa = PBXBuildFile; fileRef = 1FE9E54322D5E57700C9FB23 /* ViewController.swift */; };
		1FE9E57022D5E5B400C9FB23 /* FavorViewController.swift in Sources */ = {isa = PBXBuildFile; fileRef = 1FE9E54822D5E5B400C9FB23 /* FavorViewController.swift */; };
		1FE9E57122D5E5B400C9FB23 /* Placeholder in Resources */ = {isa = PBXBuildFile; fileRef = 1FE9E54A22D5E5B400C9FB23 /* Placeholder */; };
		1FE9E57222D5E5B400C9FB23 /* HomePageViewController.swift in Sources */ = {isa = PBXBuildFile; fileRef = 1FE9E54D22D5E5B400C9FB23 /* HomePageViewController.swift */; };
		1FE9E57322D5E5B400C9FB23 /* Placeholder in Resources */ = {isa = PBXBuildFile; fileRef = 1FE9E54F22D5E5B400C9FB23 /* Placeholder */; };
		1FE9E57422D5E5B400C9FB23 /* PersonalViewController.swift in Sources */ = {isa = PBXBuildFile; fileRef = 1FE9E55222D5E5B400C9FB23 /* PersonalViewController.swift */; };
		1FE9E57522D5E5B400C9FB23 /* BasicViewModel.swift in Sources */ = {isa = PBXBuildFile; fileRef = 1FE9E55422D5E5B400C9FB23 /* BasicViewModel.swift */; };
		1FE9E57622D5E5B400C9FB23 /* BaseModel.swift in Sources */ = {isa = PBXBuildFile; fileRef = 1FE9E55622D5E5B400C9FB23 /* BaseModel.swift */; };
		1FE9E57722D5E5B400C9FB23 /* WeiboListModel.swift in Sources */ = {isa = PBXBuildFile; fileRef = 1FE9E55722D5E5B400C9FB23 /* WeiboListModel.swift */; };
		1FE9E57822D5E5B400C9FB23 /* MessageViewController.swift in Sources */ = {isa = PBXBuildFile; fileRef = 1FE9E55A22D5E5B400C9FB23 /* MessageViewController.swift */; };
		1FE9E57922D5E5B400C9FB23 /* Placeholder in Resources */ = {isa = PBXBuildFile; fileRef = 1FE9E55C22D5E5B400C9FB23 /* Placeholder */; };
		1FE9E57A22D5E5B400C9FB23 /* Placeholder in Resources */ = {isa = PBXBuildFile; fileRef = 1FE9E55E22D5E5B400C9FB23 /* Placeholder */; };
		1FE9E57B22D5E5B400C9FB23 /* Placeholder in Resources */ = {isa = PBXBuildFile; fileRef = 1FE9E56122D5E5B400C9FB23 /* Placeholder */; };
		1FE9E57C22D5E5B400C9FB23 /* BaseTabBarViewController.swift in Sources */ = {isa = PBXBuildFile; fileRef = 1FE9E56322D5E5B400C9FB23 /* BaseTabBarViewController.swift */; };
		1FE9E57D22D5E5B400C9FB23 /* Placeholder in Resources */ = {isa = PBXBuildFile; fileRef = 1FE9E56522D5E5B400C9FB23 /* Placeholder */; };
		1FE9E57E22D5E5B400C9FB23 /* Placeholder in Resources */ = {isa = PBXBuildFile; fileRef = 1FE9E56822D5E5B400C9FB23 /* Placeholder */; };
		1FE9E57F22D5E5B400C9FB23 /* Placeholder in Resources */ = {isa = PBXBuildFile; fileRef = 1FE9E56A22D5E5B400C9FB23 /* Placeholder */; };
		1FE9E58022D5E5B400C9FB23 /* DiscoveryViewController.swift in Sources */ = {isa = PBXBuildFile; fileRef = 1FE9E56D22D5E5B400C9FB23 /* DiscoveryViewController.swift */; };
		1FE9E58122D5E5B400C9FB23 /* Placeholder in Resources */ = {isa = PBXBuildFile; fileRef = 1FE9E56F22D5E5B400C9FB23 /* Placeholder */; };
		1FE9E61922D5E60A00C9FB23 /* ThirdMacros.swift in Sources */ = {isa = PBXBuildFile; fileRef = 1FE9E5B422D5E60900C9FB23 /* ThirdMacros.swift */; };
		1FE9E61A22D5E60A00C9FB23 /* APIUrl.swift in Sources */ = {isa = PBXBuildFile; fileRef = 1FE9E5B522D5E60900C9FB23 /* APIUrl.swift */; };
		1FE9E61B22D5E60A00C9FB23 /* Macros.swift in Sources */ = {isa = PBXBuildFile; fileRef = 1FE9E5B622D5E60900C9FB23 /* Macros.swift */; };
		1FE9E62322D5E60A00C9FB23 /* UINavigationController+FDFullscreenPopGesture.m in Sources */ = {isa = PBXBuildFile; fileRef = 1FE9E5CB22D5E60900C9FB23 /* UINavigationController+FDFullscreenPopGesture.m */; };
		1FE9E63022D5E60A00C9FB23 /* Placeholder in Resources */ = {isa = PBXBuildFile; fileRef = 1FE9E5E622D5E60900C9FB23 /* Placeholder */; };
		1FE9E63122D5E60A00C9FB23 /* Placeholder in Resources */ = {isa = PBXBuildFile; fileRef = 1FE9E5E922D5E60900C9FB23 /* Placeholder */; };
		1FE9E63222D5E60A00C9FB23 /* Placeholder in Resources */ = {isa = PBXBuildFile; fileRef = 1FE9E5EB22D5E60900C9FB23 /* Placeholder */; };
		1FE9E63322D5E60A00C9FB23 /* File.strings in Resources */ = {isa = PBXBuildFile; fileRef = 1FE9E5ED22D5E60A00C9FB23 /* File.strings */; };
		1FE9E63B22D5F19C00C9FB23 /* NetBaseModel.swift in Sources */ = {isa = PBXBuildFile; fileRef = 1FE9E63522D5F19C00C9FB23 /* NetBaseModel.swift */; };
		1FE9E63C22D5F19C00C9FB23 /* NetHTTPRequestOperationManager.swift in Sources */ = {isa = PBXBuildFile; fileRef = 1FE9E63622D5F19C00C9FB23 /* NetHTTPRequestOperationManager.swift */; };
		1FE9E63D22D5F19C00C9FB23 /* String+Extension.swift in Sources */ = {isa = PBXBuildFile; fileRef = 1FE9E63722D5F19C00C9FB23 /* String+Extension.swift */; };
		1FE9E63E22D5F19C00C9FB23 /* NetHTTPResponseModel.swift in Sources */ = {isa = PBXBuildFile; fileRef = 1FE9E63822D5F19C00C9FB23 /* NetHTTPResponseModel.swift */; };
		1FE9E63F22D5F19C00C9FB23 /* Dictionary+Extension.swift in Sources */ = {isa = PBXBuildFile; fileRef = 1FE9E63922D5F19C00C9FB23 /* Dictionary+Extension.swift */; };
		1FE9E64022D5F19C00C9FB23 /* NetCommonConfigProtocol.swift in Sources */ = {isa = PBXBuildFile; fileRef = 1FE9E63A22D5F19C00C9FB23 /* NetCommonConfigProtocol.swift */; };
		8B4C00DAFE4D8EAF6D60371F /* Pods_XWMobileProject.framework in Frameworks */ = {isa = PBXBuildFile; fileRef = C4162A4C5D024377C1B28FFD /* Pods_XWMobileProject.framework */; };
/* End PBXBuildFile section */

/* Begin PBXFileReference section */
		16EBF91D77721F18A1022534 /* Pods-XWMobileProject.release.xcconfig */ = {isa = PBXFileReference; includeInIndex = 1; lastKnownFileType = text.xcconfig; name = "Pods-XWMobileProject.release.xcconfig"; path = "Pods/Target Support Files/Pods-XWMobileProject/Pods-XWMobileProject.release.xcconfig"; sourceTree = "<group>"; };
		1FA1245222D7725E00210180 /* UINavigationBar+KMNavigationBarTransition_internal.h */ = {isa = PBXFileReference; fileEncoding = 4; lastKnownFileType = sourcecode.c.h; path = "UINavigationBar+KMNavigationBarTransition_internal.h"; sourceTree = "<group>"; };
		1FA1245322D7725E00210180 /* UIViewController+KMNavigationBarTransition.m */ = {isa = PBXFileReference; fileEncoding = 4; lastKnownFileType = sourcecode.c.objc; path = "UIViewController+KMNavigationBarTransition.m"; sourceTree = "<group>"; };
		1FA1245422D7725E00210180 /* UINavigationController+KMNavigationBarTransition.h */ = {isa = PBXFileReference; fileEncoding = 4; lastKnownFileType = sourcecode.c.h; path = "UINavigationController+KMNavigationBarTransition.h"; sourceTree = "<group>"; };
		1FA1245522D7725E00210180 /* UIScrollView+KMNavigationBarTransition.m */ = {isa = PBXFileReference; fileEncoding = 4; lastKnownFileType = sourcecode.c.objc; path = "UIScrollView+KMNavigationBarTransition.m"; sourceTree = "<group>"; };
		1FA1245622D7725E00210180 /* KMNavigationBarTransition.h */ = {isa = PBXFileReference; fileEncoding = 4; lastKnownFileType = sourcecode.c.h; path = KMNavigationBarTransition.h; sourceTree = "<group>"; };
		1FA1245722D7725E00210180 /* UIScrollView+KMNavigationBarTransition_internal.h */ = {isa = PBXFileReference; fileEncoding = 4; lastKnownFileType = sourcecode.c.h; path = "UIScrollView+KMNavigationBarTransition_internal.h"; sourceTree = "<group>"; };
		1FA1245822D7725E00210180 /* NSObject+KMNavigationBarTransition.h */ = {isa = PBXFileReference; fileEncoding = 4; lastKnownFileType = sourcecode.c.h; path = "NSObject+KMNavigationBarTransition.h"; sourceTree = "<group>"; };
		1FA1245922D7725E00210180 /* KMSwizzle.h */ = {isa = PBXFileReference; fileEncoding = 4; lastKnownFileType = sourcecode.c.h; path = KMSwizzle.h; sourceTree = "<group>"; };
		1FA1245A22D7725E00210180 /* KMWeakObjectContainer.m */ = {isa = PBXFileReference; fileEncoding = 4; lastKnownFileType = sourcecode.c.objc; path = KMWeakObjectContainer.m; sourceTree = "<group>"; };
		1FA1245B22D7725E00210180 /* UINavigationBar+KMNavigationBarTransition.m */ = {isa = PBXFileReference; fileEncoding = 4; lastKnownFileType = sourcecode.c.objc; path = "UINavigationBar+KMNavigationBarTransition.m"; sourceTree = "<group>"; };
		1FA1245C22D7725E00210180 /* UINavigationController+KMNavigationBarTransition_internal.h */ = {isa = PBXFileReference; fileEncoding = 4; lastKnownFileType = sourcecode.c.h; path = "UINavigationController+KMNavigationBarTransition_internal.h"; sourceTree = "<group>"; };
		1FA1245D22D7725E00210180 /* UIViewController+KMNavigationBarTransition.h */ = {isa = PBXFileReference; fileEncoding = 4; lastKnownFileType = sourcecode.c.h; path = "UIViewController+KMNavigationBarTransition.h"; sourceTree = "<group>"; };
		1FA1245E22D7725E00210180 /* UIViewController+KMNavigationBarTransition_internal.h */ = {isa = PBXFileReference; fileEncoding = 4; lastKnownFileType = sourcecode.c.h; path = "UIViewController+KMNavigationBarTransition_internal.h"; sourceTree = "<group>"; };
		1FA1245F22D7725E00210180 /* UINavigationController+KMNavigationBarTransition.m */ = {isa = PBXFileReference; fileEncoding = 4; lastKnownFileType = sourcecode.c.objc; path = "UINavigationController+KMNavigationBarTransition.m"; sourceTree = "<group>"; };
		1FA1246022D7725E00210180 /* KMSwizzle.m */ = {isa = PBXFileReference; fileEncoding = 4; lastKnownFileType = sourcecode.c.objc; path = KMSwizzle.m; sourceTree = "<group>"; };
		1FA1246122D7725E00210180 /* KMWeakObjectContainer.h */ = {isa = PBXFileReference; fileEncoding = 4; lastKnownFileType = sourcecode.c.h; path = KMWeakObjectContainer.h; sourceTree = "<group>"; };
		1FA1246222D7725E00210180 /* NSObject+KMNavigationBarTransition.m */ = {isa = PBXFileReference; fileEncoding = 4; lastKnownFileType = sourcecode.c.objc; path = "NSObject+KMNavigationBarTransition.m"; sourceTree = "<group>"; };
		1FA1246322D7725E00210180 /* UIScrollView+KMNavigationBarTransition.h */ = {isa = PBXFileReference; fileEncoding = 4; lastKnownFileType = sourcecode.c.h; path = "UIScrollView+KMNavigationBarTransition.h"; sourceTree = "<group>"; };
		1FA1246422D7725E00210180 /* UINavigationBar+KMNavigationBarTransition.h */ = {isa = PBXFileReference; fileEncoding = 4; lastKnownFileType = sourcecode.c.h; path = "UINavigationBar+KMNavigationBarTransition.h"; sourceTree = "<group>"; };
		1FA56B9322D6186800E9A06E /* HomePageDetailViewController.swift */ = {isa = PBXFileReference; lastKnownFileType = sourcecode.swift; path = HomePageDetailViewController.swift; sourceTree = "<group>"; };
		1FA56B9522D6188100E9A06E /* BaseViewController.swift */ = {isa = PBXFileReference; lastKnownFileType = sourcecode.swift; path = BaseViewController.swift; sourceTree = "<group>"; };
		1FA56B9722D61A1C00E9A06E /* UIColor+Extension.swift */ = {isa = PBXFileReference; fileEncoding = 4; lastKnownFileType = sourcecode.swift; path = "UIColor+Extension.swift"; sourceTree = "<group>"; };
		1FA56B9822D61A1C00E9A06E /* UIImageView+Extension.swift */ = {isa = PBXFileReference; fileEncoding = 4; lastKnownFileType = sourcecode.swift; path = "UIImageView+Extension.swift"; sourceTree = "<group>"; };
		1FA56B9922D61A1C00E9A06E /* UITableView+Nib.swift */ = {isa = PBXFileReference; fileEncoding = 4; lastKnownFileType = sourcecode.swift; path = "UITableView+Nib.swift"; sourceTree = "<group>"; };
		1FA56B9A22D61A1C00E9A06E /* UIView+Frame.swift */ = {isa = PBXFileReference; fileEncoding = 4; lastKnownFileType = sourcecode.swift; path = "UIView+Frame.swift"; sourceTree = "<group>"; };
		1FA56B9B22D61A1C00E9A06E /* UIView+Extension.swift */ = {isa = PBXFileReference; fileEncoding = 4; lastKnownFileType = sourcecode.swift; path = "UIView+Extension.swift"; sourceTree = "<group>"; };
		1FA56B9C22D61A1C00E9A06E /* UIImage+Extensions.swift */ = {isa = PBXFileReference; fileEncoding = 4; lastKnownFileType = sourcecode.swift; path = "UIImage+Extensions.swift"; sourceTree = "<group>"; };
		1FA56B9D22D61A1D00E9A06E /* UILabel+Extensions.swift */ = {isa = PBXFileReference; fileEncoding = 4; lastKnownFileType = sourcecode.swift; path = "UILabel+Extensions.swift"; sourceTree = "<group>"; };
		1FA56B9E22D61A1D00E9A06E /* UITextField+Extension.swift */ = {isa = PBXFileReference; fileEncoding = 4; lastKnownFileType = sourcecode.swift; path = "UITextField+Extension.swift"; sourceTree = "<group>"; };
		1FA56BA722D61C2F00E9A06E /* BaseNavigationController.swift */ = {isa = PBXFileReference; lastKnownFileType = sourcecode.swift; path = BaseNavigationController.swift; sourceTree = "<group>"; };
		1FE9E52C22D5CD6600C9FB23 /* XWMobileProject.app */ = {isa = PBXFileReference; explicitFileType = wrapper.application; includeInIndex = 0; path = XWMobileProject.app; sourceTree = BUILT_PRODUCTS_DIR; };
		1FE9E52F22D5CD6600C9FB23 /* AppDelegate.swift */ = {isa = PBXFileReference; lastKnownFileType = sourcecode.swift; path = AppDelegate.swift; sourceTree = "<group>"; };
		1FE9E53422D5CD6600C9FB23 /* Base */ = {isa = PBXFileReference; lastKnownFileType = file.storyboard; name = Base; path = Base.lproj/Main.storyboard; sourceTree = "<group>"; };
		1FE9E53622D5CD6700C9FB23 /* Assets.xcassets */ = {isa = PBXFileReference; lastKnownFileType = folder.assetcatalog; path = Assets.xcassets; sourceTree = "<group>"; };
		1FE9E53922D5CD6700C9FB23 /* Base */ = {isa = PBXFileReference; lastKnownFileType = file.storyboard; name = Base; path = Base.lproj/LaunchScreen.storyboard; sourceTree = "<group>"; };
		1FE9E53B22D5CD6700C9FB23 /* Info.plist */ = {isa = PBXFileReference; lastKnownFileType = text.plist.xml; path = Info.plist; sourceTree = "<group>"; };
		1FE9E54322D5E57700C9FB23 /* ViewController.swift */ = {isa = PBXFileReference; fileEncoding = 4; lastKnownFileType = sourcecode.swift; path = ViewController.swift; sourceTree = "<group>"; };
		1FE9E54822D5E5B400C9FB23 /* FavorViewController.swift */ = {isa = PBXFileReference; fileEncoding = 4; lastKnownFileType = sourcecode.swift; path = FavorViewController.swift; sourceTree = "<group>"; };
		1FE9E54A22D5E5B400C9FB23 /* Placeholder */ = {isa = PBXFileReference; fileEncoding = 4; lastKnownFileType = text; path = Placeholder; sourceTree = "<group>"; };
		1FE9E54D22D5E5B400C9FB23 /* HomePageViewController.swift */ = {isa = PBXFileReference; fileEncoding = 4; lastKnownFileType = sourcecode.swift; path = HomePageViewController.swift; sourceTree = "<group>"; };
		1FE9E54F22D5E5B400C9FB23 /* Placeholder */ = {isa = PBXFileReference; fileEncoding = 4; lastKnownFileType = text; path = Placeholder; sourceTree = "<group>"; };
		1FE9E55222D5E5B400C9FB23 /* PersonalViewController.swift */ = {isa = PBXFileReference; fileEncoding = 4; lastKnownFileType = sourcecode.swift; path = PersonalViewController.swift; sourceTree = "<group>"; };
		1FE9E55422D5E5B400C9FB23 /* BasicViewModel.swift */ = {isa = PBXFileReference; fileEncoding = 4; lastKnownFileType = sourcecode.swift; path = BasicViewModel.swift; sourceTree = "<group>"; };
		1FE9E55622D5E5B400C9FB23 /* BaseModel.swift */ = {isa = PBXFileReference; fileEncoding = 4; lastKnownFileType = sourcecode.swift; path = BaseModel.swift; sourceTree = "<group>"; };
		1FE9E55722D5E5B400C9FB23 /* WeiboListModel.swift */ = {isa = PBXFileReference; fileEncoding = 4; lastKnownFileType = sourcecode.swift; path = WeiboListModel.swift; sourceTree = "<group>"; };
		1FE9E55A22D5E5B400C9FB23 /* MessageViewController.swift */ = {isa = PBXFileReference; fileEncoding = 4; lastKnownFileType = sourcecode.swift; path = MessageViewController.swift; sourceTree = "<group>"; };
		1FE9E55C22D5E5B400C9FB23 /* Placeholder */ = {isa = PBXFileReference; fileEncoding = 4; lastKnownFileType = text; path = Placeholder; sourceTree = "<group>"; };
		1FE9E55E22D5E5B400C9FB23 /* Placeholder */ = {isa = PBXFileReference; fileEncoding = 4; lastKnownFileType = text; path = Placeholder; sourceTree = "<group>"; };
		1FE9E56122D5E5B400C9FB23 /* Placeholder */ = {isa = PBXFileReference; fileEncoding = 4; lastKnownFileType = text; path = Placeholder; sourceTree = "<group>"; };
		1FE9E56322D5E5B400C9FB23 /* BaseTabBarViewController.swift */ = {isa = PBXFileReference; fileEncoding = 4; lastKnownFileType = sourcecode.swift; path = BaseTabBarViewController.swift; sourceTree = "<group>"; };
		1FE9E56522D5E5B400C9FB23 /* Placeholder */ = {isa = PBXFileReference; fileEncoding = 4; lastKnownFileType = text; path = Placeholder; sourceTree = "<group>"; };
		1FE9E56822D5E5B400C9FB23 /* Placeholder */ = {isa = PBXFileReference; fileEncoding = 4; lastKnownFileType = text; path = Placeholder; sourceTree = "<group>"; };
		1FE9E56A22D5E5B400C9FB23 /* Placeholder */ = {isa = PBXFileReference; fileEncoding = 4; lastKnownFileType = text; path = Placeholder; sourceTree = "<group>"; };
		1FE9E56D22D5E5B400C9FB23 /* DiscoveryViewController.swift */ = {isa = PBXFileReference; fileEncoding = 4; lastKnownFileType = sourcecode.swift; path = DiscoveryViewController.swift; sourceTree = "<group>"; };
		1FE9E56F22D5E5B400C9FB23 /* Placeholder */ = {isa = PBXFileReference; fileEncoding = 4; lastKnownFileType = text; path = Placeholder; sourceTree = "<group>"; };
		1FE9E5B422D5E60900C9FB23 /* ThirdMacros.swift */ = {isa = PBXFileReference; fileEncoding = 4; lastKnownFileType = sourcecode.swift; path = ThirdMacros.swift; sourceTree = "<group>"; };
		1FE9E5B522D5E60900C9FB23 /* APIUrl.swift */ = {isa = PBXFileReference; fileEncoding = 4; lastKnownFileType = sourcecode.swift; path = APIUrl.swift; sourceTree = "<group>"; };
		1FE9E5B622D5E60900C9FB23 /* Macros.swift */ = {isa = PBXFileReference; fileEncoding = 4; lastKnownFileType = sourcecode.swift; path = Macros.swift; sourceTree = "<group>"; };
		1FE9E5CA22D5E60900C9FB23 /* UINavigationController+FDFullscreenPopGesture.h */ = {isa = PBXFileReference; fileEncoding = 4; lastKnownFileType = sourcecode.c.h; path = "UINavigationController+FDFullscreenPopGesture.h"; sourceTree = "<group>"; };
		1FE9E5CB22D5E60900C9FB23 /* UINavigationController+FDFullscreenPopGesture.m */ = {isa = PBXFileReference; fileEncoding = 4; lastKnownFileType = sourcecode.c.objc; path = "UINavigationController+FDFullscreenPopGesture.m"; sourceTree = "<group>"; };
		1FE9E5E622D5E60900C9FB23 /* Placeholder */ = {isa = PBXFileReference; fileEncoding = 4; lastKnownFileType = text; path = Placeholder; sourceTree = "<group>"; };
		1FE9E5E922D5E60900C9FB23 /* Placeholder */ = {isa = PBXFileReference; fileEncoding = 4; lastKnownFileType = text; path = Placeholder; sourceTree = "<group>"; };
		1FE9E5EB22D5E60900C9FB23 /* Placeholder */ = {isa = PBXFileReference; fileEncoding = 4; lastKnownFileType = text; path = Placeholder; sourceTree = "<group>"; };
		1FE9E5EE22D5E60A00C9FB23 /* zh-Hans */ = {isa = PBXFileReference; lastKnownFileType = text.plist.strings; name = "zh-Hans"; path = "zh-Hans.lproj/File.strings"; sourceTree = "<group>"; };
		1FE9E5EF22D5E60A00C9FB23 /* en */ = {isa = PBXFileReference; lastKnownFileType = text.plist.strings; name = en; path = en.lproj/File.strings; sourceTree = "<group>"; };
		1FE9E63522D5F19C00C9FB23 /* NetBaseModel.swift */ = {isa = PBXFileReference; fileEncoding = 4; lastKnownFileType = sourcecode.swift; path = NetBaseModel.swift; sourceTree = "<group>"; };
		1FE9E63622D5F19C00C9FB23 /* NetHTTPRequestOperationManager.swift */ = {isa = PBXFileReference; fileEncoding = 4; lastKnownFileType = sourcecode.swift; path = NetHTTPRequestOperationManager.swift; sourceTree = "<group>"; };
		1FE9E63722D5F19C00C9FB23 /* String+Extension.swift */ = {isa = PBXFileReference; fileEncoding = 4; lastKnownFileType = sourcecode.swift; path = "String+Extension.swift"; sourceTree = "<group>"; };
		1FE9E63822D5F19C00C9FB23 /* NetHTTPResponseModel.swift */ = {isa = PBXFileReference; fileEncoding = 4; lastKnownFileType = sourcecode.swift; path = NetHTTPResponseModel.swift; sourceTree = "<group>"; };
		1FE9E63922D5F19C00C9FB23 /* Dictionary+Extension.swift */ = {isa = PBXFileReference; fileEncoding = 4; lastKnownFileType = sourcecode.swift; path = "Dictionary+Extension.swift"; sourceTree = "<group>"; };
		1FE9E63A22D5F19C00C9FB23 /* NetCommonConfigProtocol.swift */ = {isa = PBXFileReference; fileEncoding = 4; lastKnownFileType = sourcecode.swift; path = NetCommonConfigProtocol.swift; sourceTree = "<group>"; };
		C4162A4C5D024377C1B28FFD /* Pods_XWMobileProject.framework */ = {isa = PBXFileReference; explicitFileType = wrapper.framework; includeInIndex = 0; path = Pods_XWMobileProject.framework; sourceTree = BUILT_PRODUCTS_DIR; };
		C4401CBC8BAF33C3D52ED3E2 /* Pods-XWMobileProject.debug.xcconfig */ = {isa = PBXFileReference; includeInIndex = 1; lastKnownFileType = text.xcconfig; name = "Pods-XWMobileProject.debug.xcconfig"; path = "Pods/Target Support Files/Pods-XWMobileProject/Pods-XWMobileProject.debug.xcconfig"; sourceTree = "<group>"; };
/* End PBXFileReference section */

/* Begin PBXFrameworksBuildPhase section */
		1FE9E52922D5CD6600C9FB23 /* Frameworks */ = {
			isa = PBXFrameworksBuildPhase;
			buildActionMask = 2147483647;
			files = (
				8B4C00DAFE4D8EAF6D60371F /* Pods_XWMobileProject.framework in Frameworks */,
			);
			runOnlyForDeploymentPostprocessing = 0;
		};
/* End PBXFrameworksBuildPhase section */

/* Begin PBXGroup section */
		1FA1245122D7725E00210180 /* KMNavigationBarTransition */ = {
			isa = PBXGroup;
			children = (
				1FA1245222D7725E00210180 /* UINavigationBar+KMNavigationBarTransition_internal.h */,
				1FA1245322D7725E00210180 /* UIViewController+KMNavigationBarTransition.m */,
				1FA1245422D7725E00210180 /* UINavigationController+KMNavigationBarTransition.h */,
				1FA1245522D7725E00210180 /* UIScrollView+KMNavigationBarTransition.m */,
				1FA1245622D7725E00210180 /* KMNavigationBarTransition.h */,
				1FA1245722D7725E00210180 /* UIScrollView+KMNavigationBarTransition_internal.h */,
				1FA1245822D7725E00210180 /* NSObject+KMNavigationBarTransition.h */,
				1FA1245922D7725E00210180 /* KMSwizzle.h */,
				1FA1245A22D7725E00210180 /* KMWeakObjectContainer.m */,
				1FA1245B22D7725E00210180 /* UINavigationBar+KMNavigationBarTransition.m */,
				1FA1245C22D7725E00210180 /* UINavigationController+KMNavigationBarTransition_internal.h */,
				1FA1245D22D7725E00210180 /* UIViewController+KMNavigationBarTransition.h */,
				1FA1245E22D7725E00210180 /* UIViewController+KMNavigationBarTransition_internal.h */,
				1FA1245F22D7725E00210180 /* UINavigationController+KMNavigationBarTransition.m */,
				1FA1246022D7725E00210180 /* KMSwizzle.m */,
				1FA1246122D7725E00210180 /* KMWeakObjectContainer.h */,
				1FA1246222D7725E00210180 /* NSObject+KMNavigationBarTransition.m */,
				1FA1246322D7725E00210180 /* UIScrollView+KMNavigationBarTransition.h */,
				1FA1246422D7725E00210180 /* UINavigationBar+KMNavigationBarTransition.h */,
			);
			path = KMNavigationBarTransition;
			sourceTree = "<group>";
		};
		1FE9E52322D5CD6500C9FB23 = {
			isa = PBXGroup;
			children = (
				1FE9E52E22D5CD6600C9FB23 /* XWMobileProject */,
				1FE9E52D22D5CD6600C9FB23 /* Products */,
				60C48CCF3AF8D1E1517FBA49 /* Pods */,
				49283A4B75BD69A016C9749D /* Frameworks */,
			);
			sourceTree = "<group>";
		};
		1FE9E52D22D5CD6600C9FB23 /* Products */ = {
			isa = PBXGroup;
			children = (
				1FE9E52C22D5CD6600C9FB23 /* XWMobileProject.app */,
			);
			name = Products;
			sourceTree = "<group>";
		};
		1FE9E52E22D5CD6600C9FB23 /* XWMobileProject */ = {
			isa = PBXGroup;
			children = (
				1FE9E54122D5E4AA00C9FB23 /* AppDelegate */,
				1FE9E54522D5E59100C9FB23 /* Modules */,
				1FE9E58222D5E60900C9FB23 /* Expand */,
				1FE9E5E722D5E60900C9FB23 /* Resource */,
				1FE9E5E522D5E60900C9FB23 /* SDKFile */,
				1FE9E5BA22D5E60900C9FB23 /* Vender */,
				1FE9E54222D5E4EC00C9FB23 /* SupportingFiles */,
			);
			path = XWMobileProject;
			sourceTree = "<group>";
		};
		1FE9E54122D5E4AA00C9FB23 /* AppDelegate */ = {
			isa = PBXGroup;
			children = (
				1FE9E52F22D5CD6600C9FB23 /* AppDelegate.swift */,
			);
			path = AppDelegate;
			sourceTree = "<group>";
		};
		1FE9E54222D5E4EC00C9FB23 /* SupportingFiles */ = {
			isa = PBXGroup;
			children = (
				1FE9E53322D5CD6600C9FB23 /* Main.storyboard */,
				1FE9E53622D5CD6700C9FB23 /* Assets.xcassets */,
				1FE9E53822D5CD6700C9FB23 /* LaunchScreen.storyboard */,
				1FE9E54322D5E57700C9FB23 /* ViewController.swift */,
				1FE9E53B22D5CD6700C9FB23 /* Info.plist */,
			);
			path = SupportingFiles;
			sourceTree = "<group>";
		};
		1FE9E54522D5E59100C9FB23 /* Modules */ = {
			isa = PBXGroup;
			children = (
				1FE9E56622D5E5B400C9FB23 /* Public */,
				1FE9E55F22D5E5B400C9FB23 /* Base */,
				1FE9E55522D5E5B400C9FB23 /* Model */,
				1FE9E55322D5E5B400C9FB23 /* ViewModel */,
				1FE9E54B22D5E5B400C9FB23 /* Home */,
				1FE9E56B22D5E5B400C9FB23 /* Discovery */,
				1FE9E54622D5E5B400C9FB23 /* Favor */,
				1FE9E55022D5E5B400C9FB23 /* Personal */,
				1FE9E55822D5E5B400C9FB23 /* Message */,
				1FE9E55D22D5E5B400C9FB23 /* LogIn */,
				1FE9E56422D5E5B400C9FB23 /* Logger */,
			);
			path = Modules;
			sourceTree = "<group>";
		};
		1FE9E54622D5E5B400C9FB23 /* Favor */ = {
			isa = PBXGroup;
			children = (
				1FE9E54722D5E5B400C9FB23 /* Controller */,
				1FE9E54922D5E5B400C9FB23 /* View */,
			);
			path = Favor;
			sourceTree = "<group>";
		};
		1FE9E54722D5E5B400C9FB23 /* Controller */ = {
			isa = PBXGroup;
			children = (
				1FE9E54822D5E5B400C9FB23 /* FavorViewController.swift */,
			);
			path = Controller;
			sourceTree = "<group>";
		};
		1FE9E54922D5E5B400C9FB23 /* View */ = {
			isa = PBXGroup;
			children = (
				1FE9E54A22D5E5B400C9FB23 /* Placeholder */,
			);
			path = View;
			sourceTree = "<group>";
		};
		1FE9E54B22D5E5B400C9FB23 /* Home */ = {
			isa = PBXGroup;
			children = (
				1FE9E54C22D5E5B400C9FB23 /* Controller */,
				1FE9E54E22D5E5B400C9FB23 /* View */,
			);
			path = Home;
			sourceTree = "<group>";
		};
		1FE9E54C22D5E5B400C9FB23 /* Controller */ = {
			isa = PBXGroup;
			children = (
				1FE9E54D22D5E5B400C9FB23 /* HomePageViewController.swift */,
				1FA56B9322D6186800E9A06E /* HomePageDetailViewController.swift */,
			);
			path = Controller;
			sourceTree = "<group>";
		};
		1FE9E54E22D5E5B400C9FB23 /* View */ = {
			isa = PBXGroup;
			children = (
				1FE9E54F22D5E5B400C9FB23 /* Placeholder */,
			);
			path = View;
			sourceTree = "<group>";
		};
		1FE9E55022D5E5B400C9FB23 /* Personal */ = {
			isa = PBXGroup;
			children = (
				1FE9E55122D5E5B400C9FB23 /* Controller */,
			);
			path = Personal;
			sourceTree = "<group>";
		};
		1FE9E55122D5E5B400C9FB23 /* Controller */ = {
			isa = PBXGroup;
			children = (
				1FE9E55222D5E5B400C9FB23 /* PersonalViewController.swift */,
			);
			path = Controller;
			sourceTree = "<group>";
		};
		1FE9E55322D5E5B400C9FB23 /* ViewModel */ = {
			isa = PBXGroup;
			children = (
				1FE9E55422D5E5B400C9FB23 /* BasicViewModel.swift */,
			);
			path = ViewModel;
			sourceTree = "<group>";
		};
		1FE9E55522D5E5B400C9FB23 /* Model */ = {
			isa = PBXGroup;
			children = (
				1FE9E55622D5E5B400C9FB23 /* BaseModel.swift */,
				1FE9E55722D5E5B400C9FB23 /* WeiboListModel.swift */,
			);
			path = Model;
			sourceTree = "<group>";
		};
		1FE9E55822D5E5B400C9FB23 /* Message */ = {
			isa = PBXGroup;
			children = (
				1FE9E55922D5E5B400C9FB23 /* Controller */,
				1FE9E55B22D5E5B400C9FB23 /* View */,
			);
			path = Message;
			sourceTree = "<group>";
		};
		1FE9E55922D5E5B400C9FB23 /* Controller */ = {
			isa = PBXGroup;
			children = (
				1FE9E55A22D5E5B400C9FB23 /* MessageViewController.swift */,
			);
			path = Controller;
			sourceTree = "<group>";
		};
		1FE9E55B22D5E5B400C9FB23 /* View */ = {
			isa = PBXGroup;
			children = (
				1FE9E55C22D5E5B400C9FB23 /* Placeholder */,
			);
			path = View;
			sourceTree = "<group>";
		};
		1FE9E55D22D5E5B400C9FB23 /* LogIn */ = {
			isa = PBXGroup;
			children = (
				1FE9E55E22D5E5B400C9FB23 /* Placeholder */,
			);
			path = LogIn;
			sourceTree = "<group>";
		};
		1FE9E55F22D5E5B400C9FB23 /* Base */ = {
			isa = PBXGroup;
			children = (
				1FE9E56022D5E5B400C9FB23 /* BaseView */,
				1FE9E56222D5E5B400C9FB23 /* BaseController */,
			);
			path = Base;
			sourceTree = "<group>";
		};
		1FE9E56022D5E5B400C9FB23 /* BaseView */ = {
			isa = PBXGroup;
			children = (
				1FE9E56122D5E5B400C9FB23 /* Placeholder */,
			);
			path = BaseView;
			sourceTree = "<group>";
		};
		1FE9E56222D5E5B400C9FB23 /* BaseController */ = {
			isa = PBXGroup;
			children = (
				1FA56B9522D6188100E9A06E /* BaseViewController.swift */,
				1FA56BA722D61C2F00E9A06E /* BaseNavigationController.swift */,
				1FE9E56322D5E5B400C9FB23 /* BaseTabBarViewController.swift */,
			);
			path = BaseController;
			sourceTree = "<group>";
		};
		1FE9E56422D5E5B400C9FB23 /* Logger */ = {
			isa = PBXGroup;
			children = (
				1FE9E56522D5E5B400C9FB23 /* Placeholder */,
			);
			path = Logger;
			sourceTree = "<group>";
		};
		1FE9E56622D5E5B400C9FB23 /* Public */ = {
			isa = PBXGroup;
			children = (
				1FE9E56722D5E5B400C9FB23 /* Controller */,
				1FE9E56922D5E5B400C9FB23 /* View */,
			);
			path = Public;
			sourceTree = "<group>";
		};
		1FE9E56722D5E5B400C9FB23 /* Controller */ = {
			isa = PBXGroup;
			children = (
				1FE9E56822D5E5B400C9FB23 /* Placeholder */,
			);
			path = Controller;
			sourceTree = "<group>";
		};
		1FE9E56922D5E5B400C9FB23 /* View */ = {
			isa = PBXGroup;
			children = (
				1FE9E56A22D5E5B400C9FB23 /* Placeholder */,
			);
			path = View;
			sourceTree = "<group>";
		};
		1FE9E56B22D5E5B400C9FB23 /* Discovery */ = {
			isa = PBXGroup;
			children = (
				1FE9E56C22D5E5B400C9FB23 /* Controller */,
				1FE9E56E22D5E5B400C9FB23 /* View */,
			);
			path = Discovery;
			sourceTree = "<group>";
		};
		1FE9E56C22D5E5B400C9FB23 /* Controller */ = {
			isa = PBXGroup;
			children = (
				1FE9E56D22D5E5B400C9FB23 /* DiscoveryViewController.swift */,
			);
			path = Controller;
			sourceTree = "<group>";
		};
		1FE9E56E22D5E5B400C9FB23 /* View */ = {
			isa = PBXGroup;
			children = (
				1FE9E56F22D5E5B400C9FB23 /* Placeholder */,
			);
			path = View;
			sourceTree = "<group>";
		};
		1FE9E58222D5E60900C9FB23 /* Expand */ = {
			isa = PBXGroup;
			children = (
				1FE9E63422D5F19C00C9FB23 /* HTTPRequestOperationManager */,
				1FE9E58322D5E60900C9FB23 /* DataBase */,
				1FE9E59F22D5E60900C9FB23 /* Category */,
				1FE9E5B322D5E60900C9FB23 /* Macros */,
				1FE9E5B722D5E60900C9FB23 /* Tool */,
			);
			path = Expand;
			sourceTree = "<group>";
		};
		1FE9E58322D5E60900C9FB23 /* DataBase */ = {
			isa = PBXGroup;
			children = (
			);
			path = DataBase;
			sourceTree = "<group>";
		};
		1FE9E59F22D5E60900C9FB23 /* Category */ = {
			isa = PBXGroup;
			children = (
				1FA56B9722D61A1C00E9A06E /* UIColor+Extension.swift */,
				1FA56B9C22D61A1C00E9A06E /* UIImage+Extensions.swift */,
				1FA56B9822D61A1C00E9A06E /* UIImageView+Extension.swift */,
				1FA56B9D22D61A1D00E9A06E /* UILabel+Extensions.swift */,
				1FA56B9922D61A1C00E9A06E /* UITableView+Nib.swift */,
				1FA56B9E22D61A1D00E9A06E /* UITextField+Extension.swift */,
				1FA56B9B22D61A1C00E9A06E /* UIView+Extension.swift */,
				1FA56B9A22D61A1C00E9A06E /* UIView+Frame.swift */,
			);
			path = Category;
			sourceTree = "<group>";
		};
		1FE9E5B322D5E60900C9FB23 /* Macros */ = {
			isa = PBXGroup;
			children = (
				1FE9E5B422D5E60900C9FB23 /* ThirdMacros.swift */,
				1FE9E5B522D5E60900C9FB23 /* APIUrl.swift */,
				1FE9E5B622D5E60900C9FB23 /* Macros.swift */,
			);
			path = Macros;
			sourceTree = "<group>";
		};
		1FE9E5B722D5E60900C9FB23 /* Tool */ = {
			isa = PBXGroup;
			children = (
			);
			path = Tool;
			sourceTree = "<group>";
		};
		1FE9E5BA22D5E60900C9FB23 /* Vender */ = {
			isa = PBXGroup;
			children = (
				1FA1245122D7725E00210180 /* KMNavigationBarTransition */,
				1FE9E5C922D5E60900C9FB23 /* FDFullscreenPopGesture */,
			);
			path = Vender;
			sourceTree = "<group>";
		};
		1FE9E5C922D5E60900C9FB23 /* FDFullscreenPopGesture */ = {
			isa = PBXGroup;
			children = (
				1FE9E5CA22D5E60900C9FB23 /* UINavigationController+FDFullscreenPopGesture.h */,
				1FE9E5CB22D5E60900C9FB23 /* UINavigationController+FDFullscreenPopGesture.m */,
			);
			path = FDFullscreenPopGesture;
			sourceTree = "<group>";
		};
		1FE9E5E522D5E60900C9FB23 /* SDKFile */ = {
			isa = PBXGroup;
			children = (
				1FE9E5E622D5E60900C9FB23 /* Placeholder */,
			);
			path = SDKFile;
			sourceTree = "<group>";
		};
		1FE9E5E722D5E60900C9FB23 /* Resource */ = {
			isa = PBXGroup;
			children = (
				1FE9E5E822D5E60900C9FB23 /* JsHtmlCss */,
				1FE9E5EA22D5E60900C9FB23 /* Plist */,
				1FE9E5EC22D5E60900C9FB23 /* Global */,
			);
			path = Resource;
			sourceTree = "<group>";
		};
		1FE9E5E822D5E60900C9FB23 /* JsHtmlCss */ = {
			isa = PBXGroup;
			children = (
				1FE9E5E922D5E60900C9FB23 /* Placeholder */,
			);
			path = JsHtmlCss;
			sourceTree = "<group>";
		};
		1FE9E5EA22D5E60900C9FB23 /* Plist */ = {
			isa = PBXGroup;
			children = (
				1FE9E5EB22D5E60900C9FB23 /* Placeholder */,
			);
			path = Plist;
			sourceTree = "<group>";
		};
		1FE9E5EC22D5E60900C9FB23 /* Global */ = {
			isa = PBXGroup;
			children = (
				1FE9E5ED22D5E60A00C9FB23 /* File.strings */,
			);
			path = Global;
			sourceTree = "<group>";
		};
		1FE9E63422D5F19C00C9FB23 /* HTTPRequestOperationManager */ = {
			isa = PBXGroup;
			children = (
				1FE9E63522D5F19C00C9FB23 /* NetBaseModel.swift */,
				1FE9E63622D5F19C00C9FB23 /* NetHTTPRequestOperationManager.swift */,
				1FE9E63722D5F19C00C9FB23 /* String+Extension.swift */,
				1FE9E63822D5F19C00C9FB23 /* NetHTTPResponseModel.swift */,
				1FE9E63922D5F19C00C9FB23 /* Dictionary+Extension.swift */,
				1FE9E63A22D5F19C00C9FB23 /* NetCommonConfigProtocol.swift */,
			);
			path = HTTPRequestOperationManager;
			sourceTree = "<group>";
		};
		49283A4B75BD69A016C9749D /* Frameworks */ = {
			isa = PBXGroup;
			children = (
				C4162A4C5D024377C1B28FFD /* Pods_XWMobileProject.framework */,
			);
			name = Frameworks;
			sourceTree = "<group>";
		};
		60C48CCF3AF8D1E1517FBA49 /* Pods */ = {
			isa = PBXGroup;
			children = (
				C4401CBC8BAF33C3D52ED3E2 /* Pods-XWMobileProject.debug.xcconfig */,
				16EBF91D77721F18A1022534 /* Pods-XWMobileProject.release.xcconfig */,
			);
			name = Pods;
			sourceTree = "<group>";
		};
/* End PBXGroup section */

/* Begin PBXNativeTarget section */
		1FE9E52B22D5CD6600C9FB23 /* XWMobileProject */ = {
			isa = PBXNativeTarget;
			buildConfigurationList = 1FE9E53E22D5CD6700C9FB23 /* Build configuration list for PBXNativeTarget "XWMobileProject" */;
			buildPhases = (
				A610E0405D4D782BF6738272 /* [CP] Check Pods Manifest.lock */,
				1FE9E52822D5CD6600C9FB23 /* Sources */,
				1FE9E52922D5CD6600C9FB23 /* Frameworks */,
				1FE9E52A22D5CD6600C9FB23 /* Resources */,
				5F459AFC9C81B24BE34DE28A /* [CP] Embed Pods Frameworks */,
			);
			buildRules = (
			);
			dependencies = (
			);
			name = XWMobileProject;
			productName = XWMobileProject;
			productReference = 1FE9E52C22D5CD6600C9FB23 /* XWMobileProject.app */;
			productType = "com.apple.product-type.application";
		};
/* End PBXNativeTarget section */

/* Begin PBXProject section */
		1FE9E52422D5CD6500C9FB23 /* Project object */ = {
			isa = PBXProject;
			attributes = {
				LastSwiftUpdateCheck = 1020;
				LastUpgradeCheck = 1020;
				ORGANIZATIONNAME = xuwen;
				TargetAttributes = {
					1FE9E52B22D5CD6600C9FB23 = {
						CreatedOnToolsVersion = 10.2.1;
					};
				};
			};
			buildConfigurationList = 1FE9E52722D5CD6500C9FB23 /* Build configuration list for PBXProject "XWMobileProject" */;
			compatibilityVersion = "Xcode 9.3";
			developmentRegion = en;
			hasScannedForEncodings = 0;
			knownRegions = (
				en,
				Base,
				"zh-Hans",
			);
			mainGroup = 1FE9E52322D5CD6500C9FB23;
			productRefGroup = 1FE9E52D22D5CD6600C9FB23 /* Products */;
			projectDirPath = "";
			projectRoot = "";
			targets = (
				1FE9E52B22D5CD6600C9FB23 /* XWMobileProject */,
			);
		};
/* End PBXProject section */

/* Begin PBXResourcesBuildPhase section */
		1FE9E52A22D5CD6600C9FB23 /* Resources */ = {
			isa = PBXResourcesBuildPhase;
			buildActionMask = 2147483647;
			files = (
				1FE9E57922D5E5B400C9FB23 /* Placeholder in Resources */,
				1FE9E53A22D5CD6700C9FB23 /* LaunchScreen.storyboard in Resources */,
				1FE9E53722D5CD6700C9FB23 /* Assets.xcassets in Resources */,
				1FE9E57122D5E5B400C9FB23 /* Placeholder in Resources */,
				1FE9E57E22D5E5B400C9FB23 /* Placeholder in Resources */,
				1FE9E63322D5E60A00C9FB23 /* File.strings in Resources */,
				1FE9E53522D5CD6600C9FB23 /* Main.storyboard in Resources */,
				1FE9E58122D5E5B400C9FB23 /* Placeholder in Resources */,
				1FE9E57322D5E5B400C9FB23 /* Placeholder in Resources */,
				1FE9E57D22D5E5B400C9FB23 /* Placeholder in Resources */,
				1FE9E63122D5E60A00C9FB23 /* Placeholder in Resources */,
				1FE9E57B22D5E5B400C9FB23 /* Placeholder in Resources */,
				1FE9E63022D5E60A00C9FB23 /* Placeholder in Resources */,
				1FE9E57A22D5E5B400C9FB23 /* Placeholder in Resources */,
				1FE9E57F22D5E5B400C9FB23 /* Placeholder in Resources */,
				1FE9E63222D5E60A00C9FB23 /* Placeholder in Resources */,
			);
			runOnlyForDeploymentPostprocessing = 0;
		};
/* End PBXResourcesBuildPhase section */

/* Begin PBXShellScriptBuildPhase section */
		5F459AFC9C81B24BE34DE28A /* [CP] Embed Pods Frameworks */ = {
			isa = PBXShellScriptBuildPhase;
			buildActionMask = 2147483647;
			files = (
			);
			inputFileListPaths = (
			);
			inputPaths = (
				"${SRCROOT}/Pods/Target Support Files/Pods-XWMobileProject/Pods-XWMobileProject-frameworks.sh",
				"${BUILT_PRODUCTS_DIR}/ActionSheetPicker-3.0/ActionSheetPicker_3_0.framework",
				"${BUILT_PRODUCTS_DIR}/Alamofire/Alamofire.framework",
				"${BUILT_PRODUCTS_DIR}/ESTabBarController-swift/ESTabBarController_swift.framework",
				"${BUILT_PRODUCTS_DIR}/FCFileManager/FCFileManager.framework",
				"${BUILT_PRODUCTS_DIR}/HandyJSON/HandyJSON.framework",
				"${BUILT_PRODUCTS_DIR}/IQKeyboardManagerSwift/IQKeyboardManagerSwift.framework",
				"${BUILT_PRODUCTS_DIR}/KeyChain-UDID/KeyChain_UDID.framework",
				"${BUILT_PRODUCTS_DIR}/Kingfisher/Kingfisher.framework",
				"${BUILT_PRODUCTS_DIR}/Log/Log.framework",
				"${BUILT_PRODUCTS_DIR}/MJRefresh/MJRefresh.framework",
				"${BUILT_PRODUCTS_DIR}/PKHUD/PKHUD.framework",
				"${BUILT_PRODUCTS_DIR}/ReachabilitySwift/Reachability.framework",
				"${BUILT_PRODUCTS_DIR}/SVProgressHUD/SVProgressHUD.framework",
				"${BUILT_PRODUCTS_DIR}/SnapKit/SnapKit.framework",
				"${BUILT_PRODUCTS_DIR}/SwiftyJSON/SwiftyJSON.framework",
			);
			name = "[CP] Embed Pods Frameworks";
			outputFileListPaths = (
			);
			outputPaths = (
				"${TARGET_BUILD_DIR}/${FRAMEWORKS_FOLDER_PATH}/ActionSheetPicker_3_0.framework",
				"${TARGET_BUILD_DIR}/${FRAMEWORKS_FOLDER_PATH}/Alamofire.framework",
				"${TARGET_BUILD_DIR}/${FRAMEWORKS_FOLDER_PATH}/ESTabBarController_swift.framework",
				"${TARGET_BUILD_DIR}/${FRAMEWORKS_FOLDER_PATH}/FCFileManager.framework",
				"${TARGET_BUILD_DIR}/${FRAMEWORKS_FOLDER_PATH}/HandyJSON.framework",
				"${TARGET_BUILD_DIR}/${FRAMEWORKS_FOLDER_PATH}/IQKeyboardManagerSwift.framework",
				"${TARGET_BUILD_DIR}/${FRAMEWORKS_FOLDER_PATH}/KeyChain_UDID.framework",
				"${TARGET_BUILD_DIR}/${FRAMEWORKS_FOLDER_PATH}/Kingfisher.framework",
				"${TARGET_BUILD_DIR}/${FRAMEWORKS_FOLDER_PATH}/Log.framework",
				"${TARGET_BUILD_DIR}/${FRAMEWORKS_FOLDER_PATH}/MJRefresh.framework",
				"${TARGET_BUILD_DIR}/${FRAMEWORKS_FOLDER_PATH}/PKHUD.framework",
				"${TARGET_BUILD_DIR}/${FRAMEWORKS_FOLDER_PATH}/Reachability.framework",
				"${TARGET_BUILD_DIR}/${FRAMEWORKS_FOLDER_PATH}/SVProgressHUD.framework",
				"${TARGET_BUILD_DIR}/${FRAMEWORKS_FOLDER_PATH}/SnapKit.framework",
				"${TARGET_BUILD_DIR}/${FRAMEWORKS_FOLDER_PATH}/SwiftyJSON.framework",
			);
			runOnlyForDeploymentPostprocessing = 0;
			shellPath = /bin/sh;
			shellScript = "\"${SRCROOT}/Pods/Target Support Files/Pods-XWMobileProject/Pods-XWMobileProject-frameworks.sh\"\n";
			showEnvVarsInLog = 0;
		};
		A610E0405D4D782BF6738272 /* [CP] Check Pods Manifest.lock */ = {
			isa = PBXShellScriptBuildPhase;
			buildActionMask = 2147483647;
			files = (
			);
			inputFileListPaths = (
			);
			inputPaths = (
				"${PODS_PODFILE_DIR_PATH}/Podfile.lock",
				"${PODS_ROOT}/Manifest.lock",
			);
			name = "[CP] Check Pods Manifest.lock";
			outputFileListPaths = (
			);
			outputPaths = (
				"$(DERIVED_FILE_DIR)/Pods-XWMobileProject-checkManifestLockResult.txt",
			);
			runOnlyForDeploymentPostprocessing = 0;
			shellPath = /bin/sh;
			shellScript = "diff \"${PODS_PODFILE_DIR_PATH}/Podfile.lock\" \"${PODS_ROOT}/Manifest.lock\" > /dev/null\nif [ $? != 0 ] ; then\n    # print error to STDERR\n    echo \"error: The sandbox is not in sync with the Podfile.lock. Run 'pod install' or update your CocoaPods installation.\" >&2\n    exit 1\nfi\n# This output is used by Xcode 'outputs' to avoid re-running this script phase.\necho \"SUCCESS\" > \"${SCRIPT_OUTPUT_FILE_0}\"\n";
			showEnvVarsInLog = 0;
		};
/* End PBXShellScriptBuildPhase section */

/* Begin PBXSourcesBuildPhase section */
		1FE9E52822D5CD6600C9FB23 /* Sources */ = {
			isa = PBXSourcesBuildPhase;
			buildActionMask = 2147483647;
			files = (
				1FE9E57222D5E5B400C9FB23 /* HomePageViewController.swift in Sources */,
				1FA1246722D7725E00210180 /* KMWeakObjectContainer.m in Sources */,
				1FA56BA522D61A1D00E9A06E /* UILabel+Extensions.swift in Sources */,
				1FA1246922D7725E00210180 /* UINavigationController+KMNavigationBarTransition.m in Sources */,
				1FE9E57822D5E5B400C9FB23 /* MessageViewController.swift in Sources */,
				1FE9E63B22D5F19C00C9FB23 /* NetBaseModel.swift in Sources */,
				1FA1246A22D7725E00210180 /* KMSwizzle.m in Sources */,
				1FA56B9622D6188100E9A06E /* BaseViewController.swift in Sources */,
				1FE9E63C22D5F19C00C9FB23 /* NetHTTPRequestOperationManager.swift in Sources */,
				1FA56B9F22D61A1D00E9A06E /* UIColor+Extension.swift in Sources */,
				1FA1246822D7725E00210180 /* UINavigationBar+KMNavigationBarTransition.m in Sources */,
				1FE9E57422D5E5B400C9FB23 /* PersonalViewController.swift in Sources */,
				1FA56BA122D61A1D00E9A06E /* UITableView+Nib.swift in Sources */,
				1FA1246522D7725E00210180 /* UIViewController+KMNavigationBarTransition.m in Sources */,
				1FE9E61922D5E60A00C9FB23 /* ThirdMacros.swift in Sources */,
				1FE9E57C22D5E5B400C9FB23 /* BaseTabBarViewController.swift in Sources */,
				1FE9E58022D5E5B400C9FB23 /* DiscoveryViewController.swift in Sources */,
				1FE9E57722D5E5B400C9FB23 /* WeiboListModel.swift in Sources */,
				1FA1246B22D7725E00210180 /* NSObject+KMNavigationBarTransition.m in Sources */,
				1FE9E63F22D5F19C00C9FB23 /* Dictionary+Extension.swift in Sources */,
				1FA56BA422D61A1D00E9A06E /* UIImage+Extensions.swift in Sources */,
				1FA56BA022D61A1D00E9A06E /* UIImageView+Extension.swift in Sources */,
				1FE9E62322D5E60A00C9FB23 /* UINavigationController+FDFullscreenPopGesture.m in Sources */,
				1FE9E63D22D5F19C00C9FB23 /* String+Extension.swift in Sources */,
				1FA56BA322D61A1D00E9A06E /* UIView+Extension.swift in Sources */,
				1FE9E57622D5E5B400C9FB23 /* BaseModel.swift in Sources */,
				1FE9E63E22D5F19C00C9FB23 /* NetHTTPResponseModel.swift in Sources */,
				1FE9E57022D5E5B400C9FB23 /* FavorViewController.swift in Sources */,
				1FA56BA222D61A1D00E9A06E /* UIView+Frame.swift in Sources */,
				1FA1246622D7725E00210180 /* UIScrollView+KMNavigationBarTransition.m in Sources */,
				1FE9E61A22D5E60A00C9FB23 /* APIUrl.swift in Sources */,
				1FE9E57522D5E5B400C9FB23 /* BasicViewModel.swift in Sources */,
				1FA56B9422D6186800E9A06E /* HomePageDetailViewController.swift in Sources */,
				1FA56BA622D61A1D00E9A06E /* UITextField+Extension.swift in Sources */,
				1FE9E54422D5E57700C9FB23 /* ViewController.swift in Sources */,
				1FA56BA822D61C2F00E9A06E /* BaseNavigationController.swift in Sources */,
				1FE9E53022D5CD6600C9FB23 /* AppDelegate.swift in Sources */,
				1FE9E64022D5F19C00C9FB23 /* NetCommonConfigProtocol.swift in Sources */,
				1FE9E61B22D5E60A00C9FB23 /* Macros.swift in Sources */,
			);
			runOnlyForDeploymentPostprocessing = 0;
		};
/* End PBXSourcesBuildPhase section */

/* Begin PBXVariantGroup section */
		1FE9E53322D5CD6600C9FB23 /* Main.storyboard */ = {
			isa = PBXVariantGroup;
			children = (
				1FE9E53422D5CD6600C9FB23 /* Base */,
			);
			name = Main.storyboard;
			sourceTree = "<group>";
		};
		1FE9E53822D5CD6700C9FB23 /* LaunchScreen.storyboard */ = {
			isa = PBXVariantGroup;
			children = (
				1FE9E53922D5CD6700C9FB23 /* Base */,
			);
			name = LaunchScreen.storyboard;
			sourceTree = "<group>";
		};
		1FE9E5ED22D5E60A00C9FB23 /* File.strings */ = {
			isa = PBXVariantGroup;
			children = (
				1FE9E5EE22D5E60A00C9FB23 /* zh-Hans */,
				1FE9E5EF22D5E60A00C9FB23 /* en */,
			);
			name = File.strings;
			sourceTree = "<group>";
		};
/* End PBXVariantGroup section */

/* Begin XCBuildConfiguration section */
		1FE9E53C22D5CD6700C9FB23 /* Debug */ = {
			isa = XCBuildConfiguration;
			buildSettings = {
				ALWAYS_SEARCH_USER_PATHS = NO;
				CLANG_ANALYZER_NONNULL = YES;
				CLANG_ANALYZER_NUMBER_OBJECT_CONVERSION = YES_AGGRESSIVE;
				CLANG_CXX_LANGUAGE_STANDARD = "gnu++14";
				CLANG_CXX_LIBRARY = "libc++";
				CLANG_ENABLE_MODULES = YES;
				CLANG_ENABLE_OBJC_ARC = YES;
				CLANG_ENABLE_OBJC_WEAK = YES;
				CLANG_WARN_BLOCK_CAPTURE_AUTORELEASING = YES;
				CLANG_WARN_BOOL_CONVERSION = YES;
				CLANG_WARN_COMMA = YES;
				CLANG_WARN_CONSTANT_CONVERSION = YES;
				CLANG_WARN_DEPRECATED_OBJC_IMPLEMENTATIONS = YES;
				CLANG_WARN_DIRECT_OBJC_ISA_USAGE = YES_ERROR;
				CLANG_WARN_DOCUMENTATION_COMMENTS = YES;
				CLANG_WARN_EMPTY_BODY = YES;
				CLANG_WARN_ENUM_CONVERSION = YES;
				CLANG_WARN_INFINITE_RECURSION = YES;
				CLANG_WARN_INT_CONVERSION = YES;
				CLANG_WARN_NON_LITERAL_NULL_CONVERSION = YES;
				CLANG_WARN_OBJC_IMPLICIT_RETAIN_SELF = YES;
				CLANG_WARN_OBJC_LITERAL_CONVERSION = YES;
				CLANG_WARN_OBJC_ROOT_CLASS = YES_ERROR;
				CLANG_WARN_RANGE_LOOP_ANALYSIS = YES;
				CLANG_WARN_STRICT_PROTOTYPES = YES;
				CLANG_WARN_SUSPICIOUS_MOVE = YES;
				CLANG_WARN_UNGUARDED_AVAILABILITY = YES_AGGRESSIVE;
				CLANG_WARN_UNREACHABLE_CODE = YES;
				CLANG_WARN__DUPLICATE_METHOD_MATCH = YES;
				CODE_SIGN_IDENTITY = "iPhone Developer";
				COPY_PHASE_STRIP = NO;
				DEBUG_INFORMATION_FORMAT = dwarf;
				ENABLE_STRICT_OBJC_MSGSEND = YES;
				ENABLE_TESTABILITY = YES;
				GCC_C_LANGUAGE_STANDARD = gnu11;
				GCC_DYNAMIC_NO_PIC = NO;
				GCC_NO_COMMON_BLOCKS = YES;
				GCC_OPTIMIZATION_LEVEL = 0;
				GCC_PREPROCESSOR_DEFINITIONS = (
					"DEBUG=1",
					"$(inherited)",
				);
				GCC_WARN_64_TO_32_BIT_CONVERSION = YES;
				GCC_WARN_ABOUT_RETURN_TYPE = YES_ERROR;
				GCC_WARN_UNDECLARED_SELECTOR = YES;
				GCC_WARN_UNINITIALIZED_AUTOS = YES_AGGRESSIVE;
				GCC_WARN_UNUSED_FUNCTION = YES;
				GCC_WARN_UNUSED_VARIABLE = YES;
				IPHONEOS_DEPLOYMENT_TARGET = 12.2;
				MTL_ENABLE_DEBUG_INFO = INCLUDE_SOURCE;
				MTL_FAST_MATH = YES;
				ONLY_ACTIVE_ARCH = YES;
				SDKROOT = iphoneos;
				SWIFT_ACTIVE_COMPILATION_CONDITIONS = DEBUG;
				SWIFT_OPTIMIZATION_LEVEL = "-Onone";
			};
			name = Debug;
		};
		1FE9E53D22D5CD6700C9FB23 /* Release */ = {
			isa = XCBuildConfiguration;
			buildSettings = {
				ALWAYS_SEARCH_USER_PATHS = NO;
				CLANG_ANALYZER_NONNULL = YES;
				CLANG_ANALYZER_NUMBER_OBJECT_CONVERSION = YES_AGGRESSIVE;
				CLANG_CXX_LANGUAGE_STANDARD = "gnu++14";
				CLANG_CXX_LIBRARY = "libc++";
				CLANG_ENABLE_MODULES = YES;
				CLANG_ENABLE_OBJC_ARC = YES;
				CLANG_ENABLE_OBJC_WEAK = YES;
				CLANG_WARN_BLOCK_CAPTURE_AUTORELEASING = YES;
				CLANG_WARN_BOOL_CONVERSION = YES;
				CLANG_WARN_COMMA = YES;
				CLANG_WARN_CONSTANT_CONVERSION = YES;
				CLANG_WARN_DEPRECATED_OBJC_IMPLEMENTATIONS = YES;
				CLANG_WARN_DIRECT_OBJC_ISA_USAGE = YES_ERROR;
				CLANG_WARN_DOCUMENTATION_COMMENTS = YES;
				CLANG_WARN_EMPTY_BODY = YES;
				CLANG_WARN_ENUM_CONVERSION = YES;
				CLANG_WARN_INFINITE_RECURSION = YES;
				CLANG_WARN_INT_CONVERSION = YES;
				CLANG_WARN_NON_LITERAL_NULL_CONVERSION = YES;
				CLANG_WARN_OBJC_IMPLICIT_RETAIN_SELF = YES;
				CLANG_WARN_OBJC_LITERAL_CONVERSION = YES;
				CLANG_WARN_OBJC_ROOT_CLASS = YES_ERROR;
				CLANG_WARN_RANGE_LOOP_ANALYSIS = YES;
				CLANG_WARN_STRICT_PROTOTYPES = YES;
				CLANG_WARN_SUSPICIOUS_MOVE = YES;
				CLANG_WARN_UNGUARDED_AVAILABILITY = YES_AGGRESSIVE;
				CLANG_WARN_UNREACHABLE_CODE = YES;
				CLANG_WARN__DUPLICATE_METHOD_MATCH = YES;
				CODE_SIGN_IDENTITY = "iPhone Developer";
				COPY_PHASE_STRIP = NO;
				DEBUG_INFORMATION_FORMAT = "dwarf-with-dsym";
				ENABLE_NS_ASSERTIONS = NO;
				ENABLE_STRICT_OBJC_MSGSEND = YES;
				GCC_C_LANGUAGE_STANDARD = gnu11;
				GCC_NO_COMMON_BLOCKS = YES;
				GCC_WARN_64_TO_32_BIT_CONVERSION = YES;
				GCC_WARN_ABOUT_RETURN_TYPE = YES_ERROR;
				GCC_WARN_UNDECLARED_SELECTOR = YES;
				GCC_WARN_UNINITIALIZED_AUTOS = YES_AGGRESSIVE;
				GCC_WARN_UNUSED_FUNCTION = YES;
				GCC_WARN_UNUSED_VARIABLE = YES;
				IPHONEOS_DEPLOYMENT_TARGET = 12.2;
				MTL_ENABLE_DEBUG_INFO = NO;
				MTL_FAST_MATH = YES;
				SDKROOT = iphoneos;
				SWIFT_COMPILATION_MODE = wholemodule;
				SWIFT_OPTIMIZATION_LEVEL = "-O";
				VALIDATE_PRODUCT = YES;
			};
			name = Release;
		};
		1FE9E53F22D5CD6700C9FB23 /* Debug */ = {
			isa = XCBuildConfiguration;
			baseConfigurationReference = C4401CBC8BAF33C3D52ED3E2 /* Pods-XWMobileProject.debug.xcconfig */;
			buildSettings = {
				ASSETCATALOG_COMPILER_APPICON_NAME = AppIcon;
				CODE_SIGN_STYLE = Manual;
				DEVELOPMENT_TEAM = L26EDLNDFQ;
				INFOPLIST_FILE = XWMobileProject/SupportingFiles/Info.plist;
				IPHONEOS_DEPLOYMENT_TARGET = 9.0;
				LD_RUNPATH_SEARCH_PATHS = (
					"$(inherited)",
					"@executable_path/Frameworks",
				);
				PRODUCT_BUNDLE_IDENTIFIER = com.XWMobileProject;
				PRODUCT_NAME = "$(TARGET_NAME)";
				PROVISIONING_PROFILE_SPECIFIER = DaShangWildcard;
				SWIFT_VERSION = 5.0;
				TARGETED_DEVICE_FAMILY = "1,2";
			};
			name = Debug;
		};
		1FE9E54022D5CD6700C9FB23 /* Release */ = {
			isa = XCBuildConfiguration;
			baseConfigurationReference = 16EBF91D77721F18A1022534 /* Pods-XWMobileProject.release.xcconfig */;
			buildSettings = {
				ASSETCATALOG_COMPILER_APPICON_NAME = AppIcon;
				CODE_SIGN_STYLE = Manual;
				DEVELOPMENT_TEAM = L26EDLNDFQ;
				INFOPLIST_FILE = XWMobileProject/SupportingFiles/Info.plist;
				IPHONEOS_DEPLOYMENT_TARGET = 9.0;
				LD_RUNPATH_SEARCH_PATHS = (
					"$(inherited)",
					"@executable_path/Frameworks",
				);
				PRODUCT_BUNDLE_IDENTIFIER = com.XWMobileProject;
				PRODUCT_NAME = "$(TARGET_NAME)";
				PROVISIONING_PROFILE_SPECIFIER = DaShangWildcard;
				SWIFT_VERSION = 5.0;
				TARGETED_DEVICE_FAMILY = "1,2";
			};
			name = Release;
		};
/* End XCBuildConfiguration section */

/* Begin XCConfigurationList section */
		1FE9E52722D5CD6500C9FB23 /* Build configuration list for PBXProject "XWMobileProject" */ = {
			isa = XCConfigurationList;
			buildConfigurations = (
				1FE9E53C22D5CD6700C9FB23 /* Debug */,
				1FE9E53D22D5CD6700C9FB23 /* Release */,
			);
			defaultConfigurationIsVisible = 0;
			defaultConfigurationName = Release;
		};
		1FE9E53E22D5CD6700C9FB23 /* Build configuration list for PBXNativeTarget "XWMobileProject" */ = {
			isa = XCConfigurationList;
			buildConfigurations = (
				1FE9E53F22D5CD6700C9FB23 /* Debug */,
				1FE9E54022D5CD6700C9FB23 /* Release */,
			);
			defaultConfigurationIsVisible = 0;
			defaultConfigurationName = Release;
		};
/* End XCConfigurationList section */
	};
	rootObject = 1FE9E52422D5CD6500C9FB23 /* Project object */;
}
